[[package]]
name = "colorama"
version = "0.4.5"
description = "Cross-platform colored terminal text."
category = "main"
optional = false
python-versions = ">=2.7, !=3.0.*, !=3.1.*, !=3.2.*, !=3.3.*, !=3.4.*"

[metadata]
lock-version = "1.1"
python-versions = "^3.9"
content-hash = "95d2ac4ba763d590383c3c19561e0ca9db0e0316dbefc4ecea2aefadd0f28b43"

[metadata.files]
colorama = []
